
Microsoft Visual Studio Solution File, Format Version 11.00
# Visual Studio 2010
Project("{8BC9CEB8-8B4A-11D0-8D11-00A0C91BC942}") = "RtmpWatcher", "RtmpWatcher\RtmpWatcher.vcxproj", "{8C6FFF9B-DA2F-4DD9-ACFF-F69F1B4BDE3D}"
EndProject
Global
	GlobalSection(SolutionConfigurationPlatforms) = preSolution
		Debug|Win32 = Debug|Win32
		Debug|x64 = Debug|x64
		Release|Win32 = Release|Win32
		Release|x64 = Release|x64
	EndGlobalSection
	GlobalSection(ProjectConfigurationPlatforms) = postSolution
		{8C6FFF9B-DA2F-4DD9-ACFF-F69F1B4BDE3D}.Debug|Win32.ActiveCfg = Debug|Win32
		{8C6FFF9B-DA2F-4DD9-ACFF-F69F1B4BDE3D}.Debug|Win32.Build.0 = Debug|Win32
		{8C6FFF9B-DA2F-4DD9-ACFF-F69F1B4BDE3D}.Debug|x64.ActiveCfg = Debug|x64
		{8C6FFF9B-DA2F-4DD9-ACFF-F69F1B4BDE3D}.Debug|x64.Build.0 = Debug|x64
		{8C6FFF9B-DA2F-4DD9-ACFF-F69F1B4BDE3D}.Release|Win32.ActiveCfg = Release|Win32
		{8C6FFF9B-DA2F-4DD9-ACFF-F69F1B4BDE3D}.Release|Win32.Build.0 = Release|Win32
		{8C6FFF9B-DA2F-4DD9-ACFF-F69F1B4BDE3D}.Release|x64.ActiveCfg = Release|x64
		{8C6FFF9B-DA2F-4DD9-ACFF-F69F1B4BDE3D}.Release|x64.Build.0 = Release|x64
	EndGlobalSection
	GlobalSection(SolutionProperties) = preSolution
		HideSolutionNode = FALSE
	EndGlobalSection
EndGlobal
